github.com/jacotton/JAC-wowchemy-modules/wowchemy v0.0.0-20210401110608-9729f1138571 h1:r7rEQxcaCu9XN0r/JZPpejLwjXcDAICiWIEw8NfF/Io=
github.com/jacotton/JAC-wowchemy-modules/wowchemy v0.0.0-20210401110608-9729f1138571/go.mod h1:mBpzj7IYUfeUilxRBDmeSWGP+65nobeHVDpIq1/P/7k=
github.com/jacotton/JAC-wowchemy-modules/wowchemy v0.0.0-20220412152831-0dbd8e3ac112 h1:T0bnW255r5kP1DqfaH0L6RXJb/H4vYVNI48QAAo/fAM=
github.com/jacotton/JAC-wowchemy-modules/wowchemy v0.0.0-20220412152831-0dbd8e3ac112/go.mod h1:mBpzj7IYUfeUilxRBDmeSWGP+65nobeHVDpIq1/P/7k=
github.com/jacotton/JAC-wowchemy-modules/wowchemy v0.0.0-20220412153259-c39f12a4e22f h1:hnEWjI7Vnh/bCSPjh0HJaslSPYww//6KWwwEnxsFSjA=
github.com/jacotton/JAC-wowchemy-modules/wowchemy v0.0.0-20220412153259-c39f12a4e22f/go.mod h1:mBpzj7IYUfeUilxRBDmeSWGP+65nobeHVDpIq1/P/7k=
github.com/wowchemy/wowchemy-hugo-modules/wowchemy v0.0.0-20210308212518-cf32fde82412 h1:b+jVPvLDCUVMVpoY+cXmpPrQEsms/6rej/8xQfVHPV0=
github.com/wowchemy/wowchemy-hugo-modules/wowchemy v0.0.0-20210308212518-cf32fde82412/go.mod h1:H22qfH9qj3FWwsk7+bAZpmT24yRGNQURah2/IRwjbn8=
github.com/wowchemy/wowchemy-hugo-modules/wowchemy v0.0.0-20210322004751-17505c4581cd h1:2yqS9DTTbmVN1TP07kSgpYSDampY5FiiEnxbq/fp7+o=
github.com/wowchemy/wowchemy-hugo-modules/wowchemy v0.0.0-20210322004751-17505c4581cd/go.mod h1:H22qfH9qj3FWwsk7+bAZpmT24yRGNQURah2/IRwjbn8=
github.com/wowchemy/wowchemy-hugo-modules/wowchemy v0.0.0-20210324194200-fda9f39d872e h1:pjf3ttOUrGyqXqFE5HD4zROl5nVD7X06ejz5TwLuwtk=
github.com/wowchemy/wowchemy-hugo-modules/wowchemy v0.0.0-20210324194200-fda9f39d872e/go.mod h1:H22qfH9qj3FWwsk7+bAZpmT24yRGNQURah2/IRwjbn8=
github.com/wowchemy/wowchemy-hugo-modules/wowchemy-cms v0.0.0-20210308212518-cf32fde82412 h1:vKxA74yfBGN5g/4BaO+B0FRIxdyIuBHrTq5uC+axbRc=
github.com/wowchemy/wowchemy-hugo-modules/wowchemy-cms v0.0.0-20210308212518-cf32fde82412/go.mod h1:AKpYbqUVlj0VYsc7Jsxe1o8Ko2yV31A5ZPdfpACcXJw=
github.com/wowchemy/wowchemy-hugo-modules/wowchemy-cms v0.0.0-20210322004751-17505c4581cd h1:CQs5L0cPE/o5btP5O7gIuXs1M+rvAs5WQ8Xi5gbZXQM=
github.com/wowchemy/wowchemy-hugo-modules/wowchemy-cms v0.0.0-20210322004751-17505c4581cd/go.mod h1:AKpYbqUVlj0VYsc7Jsxe1o8Ko2yV31A5ZPdfpACcXJw=
github.com/wowchemy/wowchemy-hugo-modules/wowchemy-cms v0.0.0-20210324194200-fda9f39d872e h1:rhRiyEZRDSdtwpEzMmZdycHudtYrEyoHKfc8mxOpHwE=
github.com/wowchemy/wowchemy-hugo-modules/wowchemy-cms v0.0.0-20210324194200-fda9f39d872e/go.mod h1:AKpYbqUVlj0VYsc7Jsxe1o8Ko2yV31A5ZPdfpACcXJw=
